// !$*UTF8*$!
{
	archiveVersion = 1;
	classes = {
	};
	objectVersion = 50;
	objects = {

/* Begin PBXBuildFile section */
		392EFA0DC70B7B6BBC9F6529 /* Pods_xtzmaster_xtzmasterTests.framework in Frameworks */ = {isa = PBXBuildFile; fileRef = 5AD87B3CA81B323970C815BA /* Pods_xtzmaster_xtzmasterTests.framework */; };
		60354053265B06B630174F00 /* DashboardViewController.swift in Sources */ = {isa = PBXBuildFile; fileRef = 6035459D706FE574EB0699E1 /* DashboardViewController.swift */; };
		603542E5B8485C3D51106122 /* SettingsViewController.swift in Sources */ = {isa = PBXBuildFile; fileRef = 60354AA916F24670E4F79C38 /* SettingsViewController.swift */; };
		60354FEE7409E3F4B9F71D67 /* HomeViewController.swift in Sources */ = {isa = PBXBuildFile; fileRef = 60354718C4891FC601A73AE1 /* HomeViewController.swift */; };
		8507066F219A236F0055BCAF /* AppDelegate.swift in Sources */ = {isa = PBXBuildFile; fileRef = 8507066E219A236F0055BCAF /* AppDelegate.swift */; };
		85070671219A236F0055BCAF /* EntranceViewController.swift in Sources */ = {isa = PBXBuildFile; fileRef = 85070670219A236F0055BCAF /* EntranceViewController.swift */; };
		85070674219A236F0055BCAF /* Entrance.storyboard in Resources */ = {isa = PBXBuildFile; fileRef = 85070672219A236F0055BCAF /* Entrance.storyboard */; };
		85070676219A23700055BCAF /* Assets.xcassets in Resources */ = {isa = PBXBuildFile; fileRef = 85070675219A23700055BCAF /* Assets.xcassets */; };
		85070679219A23700055BCAF /* LaunchScreen.storyboard in Resources */ = {isa = PBXBuildFile; fileRef = 85070677219A23700055BCAF /* LaunchScreen.storyboard */; };
		8539AD04219A2A240027E6DB /* R.generated.swift in Sources */ = {isa = PBXBuildFile; fileRef = 8539AD03219A2A240027E6DB /* R.generated.swift */; };
		8539AD09219A54710027E6DB /* Home.storyboard in Resources */ = {isa = PBXBuildFile; fileRef = 8539AD08219A54710027E6DB /* Home.storyboard */; };
		8539AD0E219A57490027E6DB /* Settings.storyboard in Resources */ = {isa = PBXBuildFile; fileRef = 8539AD0D219A57490027E6DB /* Settings.storyboard */; };
		8539AD11219A68FD0027E6DB /* Dashboard.storyboard in Resources */ = {isa = PBXBuildFile; fileRef = 8539AD10219A68FD0027E6DB /* Dashboard.storyboard */; };
		8DCA0BA6BA717E3CCF25FFD0 /* Pods_SalesTax_SalesTaxTests.framework in Frameworks */ = {isa = PBXBuildFile; fileRef = 577FD59B0853A3EF1CBCAC7A /* Pods_SalesTax_SalesTaxTests.framework */; };
		911CB4D221DDDF8700725444 /* Colors.xcassets in Resources */ = {isa = PBXBuildFile; fileRef = 911CB4D121DDDF8700725444 /* Colors.xcassets */; };
		911CB4D921DDE6C200725444 /* UIViewController+Extension.swift in Sources */ = {isa = PBXBuildFile; fileRef = 911CB4D821DDE6C200725444 /* UIViewController+Extension.swift */; };
		911FA55B21CCF7A100D6639E /* AccountProvider.swift in Sources */ = {isa = PBXBuildFile; fileRef = 911FA55A21CCF7A100D6639E /* AccountProvider.swift */; };
		911FA55D21CCF8CB00D6639E /* Account.swift in Sources */ = {isa = PBXBuildFile; fileRef = 911FA55C21CCF8CB00D6639E /* Account.swift */; };
		911FA56A21CE532E00D6639E /* GetAccountInfoUseCase.swift in Sources */ = {isa = PBXBuildFile; fileRef = 911FA56921CE532E00D6639E /* GetAccountInfoUseCase.swift */; };
		911FA56C21CF9F4600D6639E /* GetBakingInfoUseCase.swift in Sources */ = {isa = PBXBuildFile; fileRef = 911FA56B21CF9F4600D6639E /* GetBakingInfoUseCase.swift */; };
		9135B90321D8A6820077ED46 /* DashboardViewModel.swift in Sources */ = {isa = PBXBuildFile; fileRef = 9135B90221D8A6820077ED46 /* DashboardViewModel.swift */; };
		914DC95121E46EC000C5126B /* SettingCell.swift in Sources */ = {isa = PBXBuildFile; fileRef = 914DC95021E46EC000C5126B /* SettingCell.swift */; };
		914DC95521E4712000C5126B /* SettingCellViewModel.swift in Sources */ = {isa = PBXBuildFile; fileRef = 914DC95421E4712000C5126B /* SettingCellViewModel.swift */; };
		914DC95821E4739300C5126B /* Constants.swift in Sources */ = {isa = PBXBuildFile; fileRef = 914DC95721E4739300C5126B /* Constants.swift */; };
		914DC95A21E47D3400C5126B /* UIColor+Extension.swift in Sources */ = {isa = PBXBuildFile; fileRef = 914DC95921E47D3400C5126B /* UIColor+Extension.swift */; };
		91536AA121F1CEBF008F10B3 /* Delegator.swift in Sources */ = {isa = PBXBuildFile; fileRef = 91536AA021F1CEBF008F10B3 /* Delegator.swift */; };
		91536AA321F1D06A008F10B3 /* DashboardDelegatorCell.swift in Sources */ = {isa = PBXBuildFile; fileRef = 91536AA221F1D06A008F10B3 /* DashboardDelegatorCell.swift */; };
		917AC24F21C910D800E9CA48 /* XTZMasterAPI.swift in Sources */ = {isa = PBXBuildFile; fileRef = 917AC24E21C910D800E9CA48 /* XTZMasterAPI.swift */; };
		919FFAF721E84FCD00FC679A /* BakingDetailViewController.swift in Sources */ = {isa = PBXBuildFile; fileRef = 919FFAF621E84FCD00FC679A /* BakingDetailViewController.swift */; };
		919FFAFB21E9A5F500FC679A /* BakingDetailCellView.swift in Sources */ = {isa = PBXBuildFile; fileRef = 919FFAFA21E9A5F500FC679A /* BakingDetailCellView.swift */; };
		919FFAFD21E9A74900FC679A /* BakingDetailCellViewModel.swift in Sources */ = {isa = PBXBuildFile; fileRef = 919FFAFC21E9A74900FC679A /* BakingDetailCellViewModel.swift */; };
		919FFAFF21E9A8B400FC679A /* BakingDetailViewModel.swift in Sources */ = {isa = PBXBuildFile; fileRef = 919FFAFE21E9A8B400FC679A /* BakingDetailViewModel.swift */; };
		91F3346D21F2AD35001CAC54 /* RewardSplit.swift in Sources */ = {isa = PBXBuildFile; fileRef = 91F3346C21F2AD35001CAC54 /* RewardSplit.swift */; };
		91F3346F21F2B26A001CAC54 /* DataStore.swift in Sources */ = {isa = PBXBuildFile; fileRef = 91F3346E21F2B26A001CAC54 /* DataStore.swift */; };
		D210B3799890969B22A7ADD4 /* Pods_xtzmaster.framework in Frameworks */ = {isa = PBXBuildFile; fileRef = CEDA27FB62DFBDC0D29B1896 /* Pods_xtzmaster.framework */; };
/* End PBXBuildFile section */

/* Begin PBXContainerItemProxy section */
		85070680219A23700055BCAF /* PBXContainerItemProxy */ = {
			isa = PBXContainerItemProxy;
			containerPortal = 85070663219A236F0055BCAF /* Project object */;
			proxyType = 1;
			remoteGlobalIDString = 8507066A219A236F0055BCAF;
			remoteInfo = SalesTax;
		};
/* End PBXContainerItemProxy section */

/* Begin PBXFileReference section */
		0F3E3E769F2BFC14375DD140 /* Pods-xtzmaster.release.xcconfig */ = {isa = PBXFileReference; includeInIndex = 1; lastKnownFileType = text.xcconfig; name = "Pods-xtzmaster.release.xcconfig"; path = "Pods/Target Support Files/Pods-xtzmaster/Pods-xtzmaster.release.xcconfig"; sourceTree = "<group>"; };
		2498282AB9DA00E92BAD91B9 /* Pods-xtzmaster-xtzmasterTests.debug.xcconfig */ = {isa = PBXFileReference; includeInIndex = 1; lastKnownFileType = text.xcconfig; name = "Pods-xtzmaster-xtzmasterTests.debug.xcconfig"; path = "Pods/Target Support Files/Pods-xtzmaster-xtzmasterTests/Pods-xtzmaster-xtzmasterTests.debug.xcconfig"; sourceTree = "<group>"; };
		2A0DC2E282A4ABE78EFD7159 /* Pods_SalesTax.framework */ = {isa = PBXFileReference; explicitFileType = wrapper.framework; includeInIndex = 0; path = Pods_SalesTax.framework; sourceTree = BUILT_PRODUCTS_DIR; };
		2DE94018F65A6369C4760FC3 /* Pods-SalesTax.release.xcconfig */ = {isa = PBXFileReference; includeInIndex = 1; lastKnownFileType = text.xcconfig; name = "Pods-SalesTax.release.xcconfig"; path = "Pods/Target Support Files/Pods-SalesTax/Pods-SalesTax.release.xcconfig"; sourceTree = "<group>"; };
		577FD59B0853A3EF1CBCAC7A /* Pods_SalesTax_SalesTaxTests.framework */ = {isa = PBXFileReference; explicitFileType = wrapper.framework; includeInIndex = 0; path = Pods_SalesTax_SalesTaxTests.framework; sourceTree = BUILT_PRODUCTS_DIR; };
		5AD87B3CA81B323970C815BA /* Pods_xtzmaster_xtzmasterTests.framework */ = {isa = PBXFileReference; explicitFileType = wrapper.framework; includeInIndex = 0; path = Pods_xtzmaster_xtzmasterTests.framework; sourceTree = BUILT_PRODUCTS_DIR; };
		5F63774A490BCF75DBFDA328 /* Pods-SalesTax-SalesTaxTests.debug.xcconfig */ = {isa = PBXFileReference; includeInIndex = 1; lastKnownFileType = text.xcconfig; name = "Pods-SalesTax-SalesTaxTests.debug.xcconfig"; path = "Pods/Target Support Files/Pods-SalesTax-SalesTaxTests/Pods-SalesTax-SalesTaxTests.debug.xcconfig"; sourceTree = "<group>"; };
		6035459D706FE574EB0699E1 /* DashboardViewController.swift */ = {isa = PBXFileReference; fileEncoding = 4; lastKnownFileType = sourcecode.swift; path = DashboardViewController.swift; sourceTree = "<group>"; };
		60354718C4891FC601A73AE1 /* HomeViewController.swift */ = {isa = PBXFileReference; fileEncoding = 4; lastKnownFileType = sourcecode.swift; path = HomeViewController.swift; sourceTree = "<group>"; };
		60354AA916F24670E4F79C38 /* SettingsViewController.swift */ = {isa = PBXFileReference; fileEncoding = 4; lastKnownFileType = sourcecode.swift; path = SettingsViewController.swift; sourceTree = "<group>"; };
		80B5EF9B1878E09A97B7BF13 /* Pods-SalesTax-SalesTaxTests.release.xcconfig */ = {isa = PBXFileReference; includeInIndex = 1; lastKnownFileType = text.xcconfig; name = "Pods-SalesTax-SalesTaxTests.release.xcconfig"; path = "Pods/Target Support Files/Pods-SalesTax-SalesTaxTests/Pods-SalesTax-SalesTaxTests.release.xcconfig"; sourceTree = "<group>"; };
		8507066B219A236F0055BCAF /* xtzmaster.app */ = {isa = PBXFileReference; explicitFileType = wrapper.application; includeInIndex = 0; path = xtzmaster.app; sourceTree = BUILT_PRODUCTS_DIR; };
		8507066E219A236F0055BCAF /* AppDelegate.swift */ = {isa = PBXFileReference; lastKnownFileType = sourcecode.swift; path = AppDelegate.swift; sourceTree = "<group>"; };
		85070670219A236F0055BCAF /* EntranceViewController.swift */ = {isa = PBXFileReference; lastKnownFileType = sourcecode.swift; path = EntranceViewController.swift; sourceTree = "<group>"; };
		85070673219A236F0055BCAF /* Base */ = {isa = PBXFileReference; lastKnownFileType = file.storyboard; name = Base; path = Base.lproj/Entrance.storyboard; sourceTree = "<group>"; };
		85070675219A23700055BCAF /* Assets.xcassets */ = {isa = PBXFileReference; lastKnownFileType = folder.assetcatalog; path = Assets.xcassets; sourceTree = "<group>"; };
		85070678219A23700055BCAF /* Base */ = {isa = PBXFileReference; lastKnownFileType = file.storyboard; name = Base; path = Base.lproj/LaunchScreen.storyboard; sourceTree = "<group>"; };
		8507067A219A23700055BCAF /* Info.plist */ = {isa = PBXFileReference; lastKnownFileType = text.plist.xml; path = Info.plist; sourceTree = "<group>"; };
		8507067F219A23700055BCAF /* xtzmasterTests.xctest */ = {isa = PBXFileReference; explicitFileType = wrapper.cfbundle; includeInIndex = 0; path = xtzmasterTests.xctest; sourceTree = BUILT_PRODUCTS_DIR; };
		85070685219A23700055BCAF /* Info.plist */ = {isa = PBXFileReference; lastKnownFileType = text.plist.xml; path = Info.plist; sourceTree = "<group>"; };
		8539AD03219A2A240027E6DB /* R.generated.swift */ = {isa = PBXFileReference; fileEncoding = 4; lastKnownFileType = sourcecode.swift; path = R.generated.swift; sourceTree = "<group>"; };
		8539AD08219A54710027E6DB /* Home.storyboard */ = {isa = PBXFileReference; lastKnownFileType = file.storyboard; path = Home.storyboard; sourceTree = "<group>"; };
		8539AD0D219A57490027E6DB /* Settings.storyboard */ = {isa = PBXFileReference; lastKnownFileType = file.storyboard; path = Settings.storyboard; sourceTree = "<group>"; };
		8539AD10219A68FD0027E6DB /* Dashboard.storyboard */ = {isa = PBXFileReference; lastKnownFileType = file.storyboard; path = Dashboard.storyboard; sourceTree = "<group>"; };
		911CB4D121DDDF8700725444 /* Colors.xcassets */ = {isa = PBXFileReference; lastKnownFileType = folder.assetcatalog; path = Colors.xcassets; sourceTree = "<group>"; };
		911CB4D821DDE6C200725444 /* UIViewController+Extension.swift */ = {isa = PBXFileReference; lastKnownFileType = sourcecode.swift; path = "UIViewController+Extension.swift"; sourceTree = "<group>"; };
		911FA55A21CCF7A100D6639E /* AccountProvider.swift */ = {isa = PBXFileReference; lastKnownFileType = sourcecode.swift; path = AccountProvider.swift; sourceTree = "<group>"; };
		911FA55C21CCF8CB00D6639E /* Account.swift */ = {isa = PBXFileReference; lastKnownFileType = sourcecode.swift; path = Account.swift; sourceTree = "<group>"; };
		911FA56921CE532E00D6639E /* GetAccountInfoUseCase.swift */ = {isa = PBXFileReference; lastKnownFileType = sourcecode.swift; path = GetAccountInfoUseCase.swift; sourceTree = "<group>"; };
		911FA56B21CF9F4600D6639E /* GetBakingInfoUseCase.swift */ = {isa = PBXFileReference; lastKnownFileType = sourcecode.swift; path = GetBakingInfoUseCase.swift; sourceTree = "<group>"; };
		9135B90221D8A6820077ED46 /* DashboardViewModel.swift */ = {isa = PBXFileReference; lastKnownFileType = sourcecode.swift; path = DashboardViewModel.swift; sourceTree = "<group>"; };
		914DC95021E46EC000C5126B /* SettingCell.swift */ = {isa = PBXFileReference; lastKnownFileType = sourcecode.swift; path = SettingCell.swift; sourceTree = "<group>"; };
		914DC95421E4712000C5126B /* SettingCellViewModel.swift */ = {isa = PBXFileReference; lastKnownFileType = sourcecode.swift; path = SettingCellViewModel.swift; sourceTree = "<group>"; };
		914DC95721E4739300C5126B /* Constants.swift */ = {isa = PBXFileReference; lastKnownFileType = sourcecode.swift; path = Constants.swift; sourceTree = "<group>"; };
		914DC95921E47D3400C5126B /* UIColor+Extension.swift */ = {isa = PBXFileReference; lastKnownFileType = sourcecode.swift; path = "UIColor+Extension.swift"; sourceTree = "<group>"; };
		91536AA021F1CEBF008F10B3 /* Delegator.swift */ = {isa = PBXFileReference; lastKnownFileType = sourcecode.swift; path = Delegator.swift; sourceTree = "<group>"; };
		91536AA221F1D06A008F10B3 /* DashboardDelegatorCell.swift */ = {isa = PBXFileReference; lastKnownFileType = sourcecode.swift; path = DashboardDelegatorCell.swift; sourceTree = "<group>"; };
		917AC24E21C910D800E9CA48 /* XTZMasterAPI.swift */ = {isa = PBXFileReference; lastKnownFileType = sourcecode.swift; path = XTZMasterAPI.swift; sourceTree = "<group>"; };
		919FFAF621E84FCD00FC679A /* BakingDetailViewController.swift */ = {isa = PBXFileReference; lastKnownFileType = sourcecode.swift; path = BakingDetailViewController.swift; sourceTree = "<group>"; };
		919FFAFA21E9A5F500FC679A /* BakingDetailCellView.swift */ = {isa = PBXFileReference; lastKnownFileType = sourcecode.swift; path = BakingDetailCellView.swift; sourceTree = "<group>"; };
		919FFAFC21E9A74900FC679A /* BakingDetailCellViewModel.swift */ = {isa = PBXFileReference; lastKnownFileType = sourcecode.swift; path = BakingDetailCellViewModel.swift; sourceTree = "<group>"; };
		919FFAFE21E9A8B400FC679A /* BakingDetailViewModel.swift */ = {isa = PBXFileReference; lastKnownFileType = sourcecode.swift; path = BakingDetailViewModel.swift; sourceTree = "<group>"; };
		91F3346C21F2AD35001CAC54 /* RewardSplit.swift */ = {isa = PBXFileReference; lastKnownFileType = sourcecode.swift; path = RewardSplit.swift; sourceTree = "<group>"; };
		91F3346E21F2B26A001CAC54 /* DataStore.swift */ = {isa = PBXFileReference; lastKnownFileType = sourcecode.swift; path = DataStore.swift; sourceTree = "<group>"; };
		96A2575403FC99E42CDD695B /* Pods-xtzmaster.debug.xcconfig */ = {isa = PBXFileReference; includeInIndex = 1; lastKnownFileType = text.xcconfig; name = "Pods-xtzmaster.debug.xcconfig"; path = "Pods/Target Support Files/Pods-xtzmaster/Pods-xtzmaster.debug.xcconfig"; sourceTree = "<group>"; };
		C07127EB9E2E4FBF1672AF05 /* Pods-SalesTax.debug.xcconfig */ = {isa = PBXFileReference; includeInIndex = 1; lastKnownFileType = text.xcconfig; name = "Pods-SalesTax.debug.xcconfig"; path = "Pods/Target Support Files/Pods-SalesTax/Pods-SalesTax.debug.xcconfig"; sourceTree = "<group>"; };
		CEDA27FB62DFBDC0D29B1896 /* Pods_xtzmaster.framework */ = {isa = PBXFileReference; explicitFileType = wrapper.framework; includeInIndex = 0; path = Pods_xtzmaster.framework; sourceTree = BUILT_PRODUCTS_DIR; };
		DCC0BF8FE81805D9A443227D /* Pods-xtzmaster-xtzmasterTests.release.xcconfig */ = {isa = PBXFileReference; includeInIndex = 1; lastKnownFileType = text.xcconfig; name = "Pods-xtzmaster-xtzmasterTests.release.xcconfig"; path = "Pods/Target Support Files/Pods-xtzmaster-xtzmasterTests/Pods-xtzmaster-xtzmasterTests.release.xcconfig"; sourceTree = "<group>"; };
/* End PBXFileReference section */

/* Begin PBXFrameworksBuildPhase section */
		85070668219A236F0055BCAF /* Frameworks */ = {
			isa = PBXFrameworksBuildPhase;
			buildActionMask = 2147483647;
			files = (
				D210B3799890969B22A7ADD4 /* Pods_xtzmaster.framework in Frameworks */,
			);
			runOnlyForDeploymentPostprocessing = 0;
		};
		8507067C219A23700055BCAF /* Frameworks */ = {
			isa = PBXFrameworksBuildPhase;
			buildActionMask = 2147483647;
			files = (
				8DCA0BA6BA717E3CCF25FFD0 /* Pods_SalesTax_SalesTaxTests.framework in Frameworks */,
				392EFA0DC70B7B6BBC9F6529 /* Pods_xtzmaster_xtzmasterTests.framework in Frameworks */,
			);
			runOnlyForDeploymentPostprocessing = 0;
		};
/* End PBXFrameworksBuildPhase section */

/* Begin PBXGroup section */
		22A0B19D58BCFC8CA2BA84BA /* Pods */ = {
			isa = PBXGroup;
			children = (
				C07127EB9E2E4FBF1672AF05 /* Pods-SalesTax.debug.xcconfig */,
				2DE94018F65A6369C4760FC3 /* Pods-SalesTax.release.xcconfig */,
				5F63774A490BCF75DBFDA328 /* Pods-SalesTax-SalesTaxTests.debug.xcconfig */,
				80B5EF9B1878E09A97B7BF13 /* Pods-SalesTax-SalesTaxTests.release.xcconfig */,
				96A2575403FC99E42CDD695B /* Pods-xtzmaster.debug.xcconfig */,
				0F3E3E769F2BFC14375DD140 /* Pods-xtzmaster.release.xcconfig */,
				2498282AB9DA00E92BAD91B9 /* Pods-xtzmaster-xtzmasterTests.debug.xcconfig */,
				DCC0BF8FE81805D9A443227D /* Pods-xtzmaster-xtzmasterTests.release.xcconfig */,
			);
			name = Pods;
			sourceTree = "<group>";
		};
		85070662219A236F0055BCAF = {
			isa = PBXGroup;
			children = (
				8507066D219A236F0055BCAF /* xtzmaster */,
				85070682219A23700055BCAF /* xtzmasterTests */,
				8507066C219A236F0055BCAF /* Products */,
				22A0B19D58BCFC8CA2BA84BA /* Pods */,
				B461980343B0B2955D1A8DE9 /* Frameworks */,
			);
			sourceTree = "<group>";
		};
		8507066C219A236F0055BCAF /* Products */ = {
			isa = PBXGroup;
			children = (
				8507066B219A236F0055BCAF /* xtzmaster.app */,
				8507067F219A23700055BCAF /* xtzmasterTests.xctest */,
			);
			name = Products;
			sourceTree = "<group>";
		};
		8507066D219A236F0055BCAF /* xtzmaster */ = {
			isa = PBXGroup;
			children = (
				8539AD05219A446D0027E6DB /* App */,
				911FA56721CE52F600D6639E /* UseCase */,
				917AC24B21C9105100E9CA48 /* Data */,
				8539AD03219A2A240027E6DB /* R.generated.swift */,
				8507066E219A236F0055BCAF /* AppDelegate.swift */,
				85070677219A23700055BCAF /* LaunchScreen.storyboard */,
				8507067A219A23700055BCAF /* Info.plist */,
			);
			path = xtzmaster;
			sourceTree = "<group>";
		};
		85070682219A23700055BCAF /* xtzmasterTests */ = {
			isa = PBXGroup;
			children = (
				85070685219A23700055BCAF /* Info.plist */,
			);
			path = xtzmasterTests;
			sourceTree = "<group>";
		};
		8539AD05219A446D0027E6DB /* App */ = {
			isa = PBXGroup;
			children = (
				914DC95621E4738A00C5126B /* Config */,
				911CB4D721DDE6B600725444 /* Helper */,
				8539AD0F219A68ED0027E6DB /* Dashboard */,
				8539AD0B219A571D0027E6DB /* Settings */,
				8539AD0A219A57190027E6DB /* Home */,
				85070672219A236F0055BCAF /* Entrance.storyboard */,
				85070670219A236F0055BCAF /* EntranceViewController.swift */,
				911CB4D121DDDF8700725444 /* Colors.xcassets */,
				85070675219A23700055BCAF /* Assets.xcassets */,
			);
			path = App;
			sourceTree = "<group>";
		};
		8539AD0A219A57190027E6DB /* Home */ = {
			isa = PBXGroup;
			children = (
				60354718C4891FC601A73AE1 /* HomeViewController.swift */,
				8539AD08219A54710027E6DB /* Home.storyboard */,
			);
			path = Home;
			sourceTree = "<group>";
		};
		8539AD0B219A571D0027E6DB /* Settings */ = {
			isa = PBXGroup;
			children = (
				60354AA916F24670E4F79C38 /* SettingsViewController.swift */,
				8539AD0D219A57490027E6DB /* Settings.storyboard */,
				914DC95021E46EC000C5126B /* SettingCell.swift */,
				914DC95421E4712000C5126B /* SettingCellViewModel.swift */,
			);
			path = Settings;
			sourceTree = "<group>";
		};
		8539AD0F219A68ED0027E6DB /* Dashboard */ = {
			isa = PBXGroup;
			children = (
				919FFAF321E84E9C00FC679A /* Baking */,
				8539AD10219A68FD0027E6DB /* Dashboard.storyboard */,
				6035459D706FE574EB0699E1 /* DashboardViewController.swift */,
				9135B90221D8A6820077ED46 /* DashboardViewModel.swift */,
				91536AA221F1D06A008F10B3 /* DashboardDelegatorCell.swift */,
			);
			path = Dashboard;
			sourceTree = "<group>";
		};
		911CB4D721DDE6B600725444 /* Helper */ = {
			isa = PBXGroup;
			children = (
				911CB4D821DDE6C200725444 /* UIViewController+Extension.swift */,
				914DC95921E47D3400C5126B /* UIColor+Extension.swift */,
			);
			path = Helper;
			sourceTree = "<group>";
		};
		911FA56721CE52F600D6639E /* UseCase */ = {
			isa = PBXGroup;
			children = (
				911FA56921CE532E00D6639E /* GetAccountInfoUseCase.swift */,
				911FA56B21CF9F4600D6639E /* GetBakingInfoUseCase.swift */,
			);
			path = UseCase;
			sourceTree = "<group>";
		};
		9143E52321C9153C00B79D27 /* Provider */ = {
			isa = PBXGroup;
			children = (
				911FA55A21CCF7A100D6639E /* AccountProvider.swift */,
			);
			path = Provider;
			sourceTree = "<group>";
		};
		914DC95621E4738A00C5126B /* Config */ = {
			isa = PBXGroup;
			children = (
				914DC95721E4739300C5126B /* Constants.swift */,
			);
			path = Config;
			sourceTree = "<group>";
		};
		917AC24B21C9105100E9CA48 /* Data */ = {
			isa = PBXGroup;
			children = (
				917AC24D21C9106B00E9CA48 /* DataModel */,
				9143E52321C9153C00B79D27 /* Provider */,
				917AC24E21C910D800E9CA48 /* XTZMasterAPI.swift */,
				91F3346E21F2B26A001CAC54 /* DataStore.swift */,
			);
			path = Data;
			sourceTree = "<group>";
		};
		917AC24D21C9106B00E9CA48 /* DataModel */ = {
			isa = PBXGroup;
			children = (
				911FA55C21CCF8CB00D6639E /* Account.swift */,
				91536AA021F1CEBF008F10B3 /* Delegator.swift */,
				91F3346C21F2AD35001CAC54 /* RewardSplit.swift */,
			);
			path = DataModel;
			sourceTree = "<group>";
		};
		919FFAF321E84E9C00FC679A /* Baking */ = {
			isa = PBXGroup;
			children = (
				919FFAF621E84FCD00FC679A /* BakingDetailViewController.swift */,
				919FFAFE21E9A8B400FC679A /* BakingDetailViewModel.swift */,
				919FFAFA21E9A5F500FC679A /* BakingDetailCellView.swift */,
				919FFAFC21E9A74900FC679A /* BakingDetailCellViewModel.swift */,
			);
			path = Baking;
			sourceTree = "<group>";
		};
		B461980343B0B2955D1A8DE9 /* Frameworks */ = {
			isa = PBXGroup;
			children = (
				2A0DC2E282A4ABE78EFD7159 /* Pods_SalesTax.framework */,
				577FD59B0853A3EF1CBCAC7A /* Pods_SalesTax_SalesTaxTests.framework */,
				CEDA27FB62DFBDC0D29B1896 /* Pods_xtzmaster.framework */,
				5AD87B3CA81B323970C815BA /* Pods_xtzmaster_xtzmasterTests.framework */,
			);
			name = Frameworks;
			sourceTree = "<group>";
		};
/* End PBXGroup section */

/* Begin PBXNativeTarget section */
		8507066A219A236F0055BCAF /* xtzmaster */ = {
			isa = PBXNativeTarget;
			buildConfigurationList = 85070688219A23700055BCAF /* Build configuration list for PBXNativeTarget "xtzmaster" */;
			buildPhases = (
				6F0ACD00797BDB8E850EF972 /* [CP] Check Pods Manifest.lock */,
				8539AD00219A29000027E6DB /* Generete R.swift */,
				85070667219A236F0055BCAF /* Sources */,
				85070668219A236F0055BCAF /* Frameworks */,
				85070669219A236F0055BCAF /* Resources */,
				663AF04A599C353A826D4C99 /* [CP] Embed Pods Frameworks */,
			);
			buildRules = (
			);
			dependencies = (
			);
			name = xtzmaster;
			productName = SalesTax;
			productReference = 8507066B219A236F0055BCAF /* xtzmaster.app */;
			productType = "com.apple.product-type.application";
		};
		8507067E219A23700055BCAF /* xtzmasterTests */ = {
			isa = PBXNativeTarget;
			buildConfigurationList = 8507068B219A23700055BCAF /* Build configuration list for PBXNativeTarget "xtzmasterTests" */;
			buildPhases = (
				DB6F40AC05A6074B0C158520 /* [CP] Check Pods Manifest.lock */,
				8507067B219A23700055BCAF /* Sources */,
				8507067C219A23700055BCAF /* Frameworks */,
				8507067D219A23700055BCAF /* Resources */,
				2D8D4B170821C1CCC5BD47ED /* [CP] Embed Pods Frameworks */,
			);
			buildRules = (
			);
			dependencies = (
				85070681219A23700055BCAF /* PBXTargetDependency */,
			);
			name = xtzmasterTests;
			productName = SalesTaxTests;
			productReference = 8507067F219A23700055BCAF /* xtzmasterTests.xctest */;
			productType = "com.apple.product-type.bundle.unit-test";
		};
/* End PBXNativeTarget section */

/* Begin PBXProject section */
		85070663219A236F0055BCAF /* Project object */ = {
			isa = PBXProject;
			attributes = {
				LastSwiftUpdateCheck = 1010;
				LastUpgradeCheck = 1010;
				ORGANIZATIONNAME = "Jacky Li";
				TargetAttributes = {
					8507066A219A236F0055BCAF = {
						CreatedOnToolsVersion = 10.1;
					};
					8507067E219A23700055BCAF = {
						CreatedOnToolsVersion = 10.1;
						TestTargetID = 8507066A219A236F0055BCAF;
					};
				};
			};
			buildConfigurationList = 85070666219A236F0055BCAF /* Build configuration list for PBXProject "xtzmaster" */;
			compatibilityVersion = "Xcode 9.3";
			developmentRegion = en;
			hasScannedForEncodings = 0;
			knownRegions = (
				en,
				Base,
			);
			mainGroup = 85070662219A236F0055BCAF;
			productRefGroup = 8507066C219A236F0055BCAF /* Products */;
			projectDirPath = "";
			projectRoot = "";
			targets = (
				8507066A219A236F0055BCAF /* xtzmaster */,
				8507067E219A23700055BCAF /* xtzmasterTests */,
			);
		};
/* End PBXProject section */

/* Begin PBXResourcesBuildPhase section */
		85070669219A236F0055BCAF /* Resources */ = {
			isa = PBXResourcesBuildPhase;
			buildActionMask = 2147483647;
			files = (
				85070679219A23700055BCAF /* LaunchScreen.storyboard in Resources */,
				8539AD11219A68FD0027E6DB /* Dashboard.storyboard in Resources */,
				85070676219A23700055BCAF /* Assets.xcassets in Resources */,
				85070674219A236F0055BCAF /* Entrance.storyboard in Resources */,
				8539AD09219A54710027E6DB /* Home.storyboard in Resources */,
				8539AD0E219A57490027E6DB /* Settings.storyboard in Resources */,
				911CB4D221DDDF8700725444 /* Colors.xcassets in Resources */,
			);
			runOnlyForDeploymentPostprocessing = 0;
		};
		8507067D219A23700055BCAF /* Resources */ = {
			isa = PBXResourcesBuildPhase;
			buildActionMask = 2147483647;
			files = (
			);
			runOnlyForDeploymentPostprocessing = 0;
		};
/* End PBXResourcesBuildPhase section */

/* Begin PBXShellScriptBuildPhase section */
		2D8D4B170821C1CCC5BD47ED /* [CP] Embed Pods Frameworks */ = {
			isa = PBXShellScriptBuildPhase;
			buildActionMask = 2147483647;
			files = (
			);
			inputFileListPaths = (
			);
			inputPaths = (
				"${SRCROOT}/Pods/Target Support Files/Pods-xtzmaster-xtzmasterTests/Pods-xtzmaster-xtzmasterTests-frameworks.sh",
				"${BUILT_PRODUCTS_DIR}/Alamofire/Alamofire.framework",
				"${BUILT_PRODUCTS_DIR}/Eureka/Eureka.framework",
				"${BUILT_PRODUCTS_DIR}/MBProgressHUD/MBProgressHUD.framework",
				"${BUILT_PRODUCTS_DIR}/Moya/Moya.framework",
				"${BUILT_PRODUCTS_DIR}/ObjcExceptionBridging/ObjcExceptionBridging.framework",
				"${BUILT_PRODUCTS_DIR}/R.swift.Library/Rswift.framework",
				"${BUILT_PRODUCTS_DIR}/Realm/Realm.framework",
				"${BUILT_PRODUCTS_DIR}/RealmSwift/RealmSwift.framework",
				"${BUILT_PRODUCTS_DIR}/Result/Result.framework",
				"${BUILT_PRODUCTS_DIR}/RxAtomic/RxAtomic.framework",
				"${BUILT_PRODUCTS_DIR}/RxCocoa/RxCocoa.framework",
				"${BUILT_PRODUCTS_DIR}/RxSwift/RxSwift.framework",
				"${BUILT_PRODUCTS_DIR}/XCGLogger/XCGLogger.framework",
				"${BUILT_PRODUCTS_DIR}/Nimble/Nimble.framework",
				"${BUILT_PRODUCTS_DIR}/Quick/Quick.framework",
				"${BUILT_PRODUCTS_DIR}/RxBlocking/RxBlocking.framework",
				"${BUILT_PRODUCTS_DIR}/RxTest/RxTest.framework",
			);
			name = "[CP] Embed Pods Frameworks";
			outputFileListPaths = (
			);
			outputPaths = (
				"${TARGET_BUILD_DIR}/${FRAMEWORKS_FOLDER_PATH}/Alamofire.framework",
				"${TARGET_BUILD_DIR}/${FRAMEWORKS_FOLDER_PATH}/Eureka.framework",
				"${TARGET_BUILD_DIR}/${FRAMEWORKS_FOLDER_PATH}/MBProgressHUD.framework",
				"${TARGET_BUILD_DIR}/${FRAMEWORKS_FOLDER_PATH}/Moya.framework",
				"${TARGET_BUILD_DIR}/${FRAMEWORKS_FOLDER_PATH}/ObjcExceptionBridging.framework",
				"${TARGET_BUILD_DIR}/${FRAMEWORKS_FOLDER_PATH}/Rswift.framework",
				"${TARGET_BUILD_DIR}/${FRAMEWORKS_FOLDER_PATH}/Realm.framework",
				"${TARGET_BUILD_DIR}/${FRAMEWORKS_FOLDER_PATH}/RealmSwift.framework",
				"${TARGET_BUILD_DIR}/${FRAMEWORKS_FOLDER_PATH}/Result.framework",
				"${TARGET_BUILD_DIR}/${FRAMEWORKS_FOLDER_PATH}/RxAtomic.framework",
				"${TARGET_BUILD_DIR}/${FRAMEWORKS_FOLDER_PATH}/RxCocoa.framework",
				"${TARGET_BUILD_DIR}/${FRAMEWORKS_FOLDER_PATH}/RxSwift.framework",
				"${TARGET_BUILD_DIR}/${FRAMEWORKS_FOLDER_PATH}/XCGLogger.framework",
				"${TARGET_BUILD_DIR}/${FRAMEWORKS_FOLDER_PATH}/Nimble.framework",
				"${TARGET_BUILD_DIR}/${FRAMEWORKS_FOLDER_PATH}/Quick.framework",
				"${TARGET_BUILD_DIR}/${FRAMEWORKS_FOLDER_PATH}/RxBlocking.framework",
				"${TARGET_BUILD_DIR}/${FRAMEWORKS_FOLDER_PATH}/RxTest.framework",
			);
			runOnlyForDeploymentPostprocessing = 0;
			shellPath = /bin/sh;
			shellScript = "\"${SRCROOT}/Pods/Target Support Files/Pods-xtzmaster-xtzmasterTests/Pods-xtzmaster-xtzmasterTests-frameworks.sh\"\n";
			showEnvVarsInLog = 0;
		};
		663AF04A599C353A826D4C99 /* [CP] Embed Pods Frameworks */ = {
			isa = PBXShellScriptBuildPhase;
			buildActionMask = 2147483647;
			files = (
			);
			inputFileListPaths = (
			);
			inputPaths = (
				"${SRCROOT}/Pods/Target Support Files/Pods-xtzmaster/Pods-xtzmaster-frameworks.sh",
				"${BUILT_PRODUCTS_DIR}/Alamofire/Alamofire.framework",
				"${BUILT_PRODUCTS_DIR}/Eureka/Eureka.framework",
				"${BUILT_PRODUCTS_DIR}/MBProgressHUD/MBProgressHUD.framework",
				"${BUILT_PRODUCTS_DIR}/Moya/Moya.framework",
				"${BUILT_PRODUCTS_DIR}/ObjcExceptionBridging/ObjcExceptionBridging.framework",
				"${BUILT_PRODUCTS_DIR}/R.swift.Library/Rswift.framework",
				"${BUILT_PRODUCTS_DIR}/Realm/Realm.framework",
				"${BUILT_PRODUCTS_DIR}/RealmSwift/RealmSwift.framework",
				"${BUILT_PRODUCTS_DIR}/Result/Result.framework",
				"${BUILT_PRODUCTS_DIR}/RxAtomic/RxAtomic.framework",
				"${BUILT_PRODUCTS_DIR}/RxCocoa/RxCocoa.framework",
				"${BUILT_PRODUCTS_DIR}/RxSwift/RxSwift.framework",
				"${BUILT_PRODUCTS_DIR}/XCGLogger/XCGLogger.framework",
			);
			name = "[CP] Embed Pods Frameworks";
			outputFileListPaths = (
			);
			outputPaths = (
				"${TARGET_BUILD_DIR}/${FRAMEWORKS_FOLDER_PATH}/Alamofire.framework",
				"${TARGET_BUILD_DIR}/${FRAMEWORKS_FOLDER_PATH}/Eureka.framework",
				"${TARGET_BUILD_DIR}/${FRAMEWORKS_FOLDER_PATH}/MBProgressHUD.framework",
				"${TARGET_BUILD_DIR}/${FRAMEWORKS_FOLDER_PATH}/Moya.framework",
				"${TARGET_BUILD_DIR}/${FRAMEWORKS_FOLDER_PATH}/ObjcExceptionBridging.framework",
				"${TARGET_BUILD_DIR}/${FRAMEWORKS_FOLDER_PATH}/Rswift.framework",
				"${TARGET_BUILD_DIR}/${FRAMEWORKS_FOLDER_PATH}/Realm.framework",
				"${TARGET_BUILD_DIR}/${FRAMEWORKS_FOLDER_PATH}/RealmSwift.framework",
				"${TARGET_BUILD_DIR}/${FRAMEWORKS_FOLDER_PATH}/Result.framework",
				"${TARGET_BUILD_DIR}/${FRAMEWORKS_FOLDER_PATH}/RxAtomic.framework",
				"${TARGET_BUILD_DIR}/${FRAMEWORKS_FOLDER_PATH}/RxCocoa.framework",
				"${TARGET_BUILD_DIR}/${FRAMEWORKS_FOLDER_PATH}/RxSwift.framework",
				"${TARGET_BUILD_DIR}/${FRAMEWORKS_FOLDER_PATH}/XCGLogger.framework",
			);
			runOnlyForDeploymentPostprocessing = 0;
			shellPath = /bin/sh;
			shellScript = "\"${SRCROOT}/Pods/Target Support Files/Pods-xtzmaster/Pods-xtzmaster-frameworks.sh\"\n";
			showEnvVarsInLog = 0;
		};
		6F0ACD00797BDB8E850EF972 /* [CP] Check Pods Manifest.lock */ = {
			isa = PBXShellScriptBuildPhase;
			buildActionMask = 2147483647;
			files = (
			);
			inputFileListPaths = (
			);
			inputPaths = (
				"${PODS_PODFILE_DIR_PATH}/Podfile.lock",
				"${PODS_ROOT}/Manifest.lock",
			);
			name = "[CP] Check Pods Manifest.lock";
			outputFileListPaths = (
			);
			outputPaths = (
				"$(DERIVED_FILE_DIR)/Pods-xtzmaster-checkManifestLockResult.txt",
			);
			runOnlyForDeploymentPostprocessing = 0;
			shellPath = /bin/sh;
			shellScript = "diff \"${PODS_PODFILE_DIR_PATH}/Podfile.lock\" \"${PODS_ROOT}/Manifest.lock\" > /dev/null\nif [ $? != 0 ] ; then\n    # print error to STDERR\n    echo \"error: The sandbox is not in sync with the Podfile.lock. Run 'pod install' or update your CocoaPods installation.\" >&2\n    exit 1\nfi\n# This output is used by Xcode 'outputs' to avoid re-running this script phase.\necho \"SUCCESS\" > \"${SCRIPT_OUTPUT_FILE_0}\"\n";
			showEnvVarsInLog = 0;
		};
		8539AD00219A29000027E6DB /* Generete R.swift */ = {
			isa = PBXShellScriptBuildPhase;
			buildActionMask = 2147483647;
			files = (
			);
			inputFileListPaths = (
			);
			inputPaths = (
			);
			name = "Generete R.swift";
			outputFileListPaths = (
			);
			outputPaths = (
			);
			runOnlyForDeploymentPostprocessing = 0;
			shellPath = /bin/sh;
			shellScript = "\"$PODS_ROOT/R.swift/rswift\" generate \"$SRCROOT/xtzmaster\"\n";
		};
		DB6F40AC05A6074B0C158520 /* [CP] Check Pods Manifest.lock */ = {
			isa = PBXShellScriptBuildPhase;
			buildActionMask = 2147483647;
			files = (
			);
			inputFileListPaths = (
			);
			inputPaths = (
				"${PODS_PODFILE_DIR_PATH}/Podfile.lock",
				"${PODS_ROOT}/Manifest.lock",
			);
			name = "[CP] Check Pods Manifest.lock";
			outputFileListPaths = (
			);
			outputPaths = (
				"$(DERIVED_FILE_DIR)/Pods-xtzmaster-xtzmasterTests-checkManifestLockResult.txt",
			);
			runOnlyForDeploymentPostprocessing = 0;
			shellPath = /bin/sh;
			shellScript = "diff \"${PODS_PODFILE_DIR_PATH}/Podfile.lock\" \"${PODS_ROOT}/Manifest.lock\" > /dev/null\nif [ $? != 0 ] ; then\n    # print error to STDERR\n    echo \"error: The sandbox is not in sync with the Podfile.lock. Run 'pod install' or update your CocoaPods installation.\" >&2\n    exit 1\nfi\n# This output is used by Xcode 'outputs' to avoid re-running this script phase.\necho \"SUCCESS\" > \"${SCRIPT_OUTPUT_FILE_0}\"\n";
			showEnvVarsInLog = 0;
		};
/* End PBXShellScriptBuildPhase section */

/* Begin PBXSourcesBuildPhase section */
		85070667219A236F0055BCAF /* Sources */ = {
			isa = PBXSourcesBuildPhase;
			buildActionMask = 2147483647;
			files = (
				911FA56C21CF9F4600D6639E /* GetBakingInfoUseCase.swift in Sources */,
				914DC95821E4739300C5126B /* Constants.swift in Sources */,
				911FA55B21CCF7A100D6639E /* AccountProvider.swift in Sources */,
				914DC95A21E47D3400C5126B /* UIColor+Extension.swift in Sources */,
				85070671219A236F0055BCAF /* EntranceViewController.swift in Sources */,
				9135B90321D8A6820077ED46 /* DashboardViewModel.swift in Sources */,
				91536AA121F1CEBF008F10B3 /* Delegator.swift in Sources */,
				911FA56A21CE532E00D6639E /* GetAccountInfoUseCase.swift in Sources */,
				917AC24F21C910D800E9CA48 /* XTZMasterAPI.swift in Sources */,
				919FFAF721E84FCD00FC679A /* BakingDetailViewController.swift in Sources */,
				8507066F219A236F0055BCAF /* AppDelegate.swift in Sources */,
				8539AD04219A2A240027E6DB /* R.generated.swift in Sources */,
				914DC95121E46EC000C5126B /* SettingCell.swift in Sources */,
				91F3346F21F2B26A001CAC54 /* DataStore.swift in Sources */,
				91F3346D21F2AD35001CAC54 /* RewardSplit.swift in Sources */,
				911FA55D21CCF8CB00D6639E /* Account.swift in Sources */,
				60354FEE7409E3F4B9F71D67 /* HomeViewController.swift in Sources */,
				911CB4D921DDE6C200725444 /* UIViewController+Extension.swift in Sources */,
				603542E5B8485C3D51106122 /* SettingsViewController.swift in Sources */,
				919FFAFB21E9A5F500FC679A /* BakingDetailCellView.swift in Sources */,
				60354053265B06B630174F00 /* DashboardViewController.swift in Sources */,
				91536AA321F1D06A008F10B3 /* DashboardDelegatorCell.swift in Sources */,
				919FFAFF21E9A8B400FC679A /* BakingDetailViewModel.swift in Sources */,
				919FFAFD21E9A74900FC679A /* BakingDetailCellViewModel.swift in Sources */,
				914DC95521E4712000C5126B /* SettingCellViewModel.swift in Sources */,
			);
			runOnlyForDeploymentPostprocessing = 0;
		};
		8507067B219A23700055BCAF /* Sources */ = {
			isa = PBXSourcesBuildPhase;
			buildActionMask = 2147483647;
			files = (
			);
			runOnlyForDeploymentPostprocessing = 0;
		};
/* End PBXSourcesBuildPhase section */

/* Begin PBXTargetDependency section */
		85070681219A23700055BCAF /* PBXTargetDependency */ = {
			isa = PBXTargetDependency;
			target = 8507066A219A236F0055BCAF /* xtzmaster */;
			targetProxy = 85070680219A23700055BCAF /* PBXContainerItemProxy */;
		};
/* End PBXTargetDependency section */

/* Begin PBXVariantGroup section */
		85070672219A236F0055BCAF /* Entrance.storyboard */ = {
			isa = PBXVariantGroup;
			children = (
				85070673219A236F0055BCAF /* Base */,
			);
			name = Entrance.storyboard;
			sourceTree = "<group>";
		};
		85070677219A23700055BCAF /* LaunchScreen.storyboard */ = {
			isa = PBXVariantGroup;
			children = (
				85070678219A23700055BCAF /* Base */,
			);
			name = LaunchScreen.storyboard;
			sourceTree = "<group>";
		};
/* End PBXVariantGroup section */

/* Begin XCBuildConfiguration section */
		85070686219A23700055BCAF /* Debug */ = {
			isa = XCBuildConfiguration;
			buildSettings = {
				ALWAYS_SEARCH_USER_PATHS = NO;
				CLANG_ANALYZER_NONNULL = YES;
				CLANG_ANALYZER_NUMBER_OBJECT_CONVERSION = YES_AGGRESSIVE;
				CLANG_CXX_LANGUAGE_STANDARD = "gnu++14";
				CLANG_CXX_LIBRARY = "libc++";
				CLANG_ENABLE_MODULES = YES;
				CLANG_ENABLE_OBJC_ARC = YES;
				CLANG_ENABLE_OBJC_WEAK = YES;
				CLANG_WARN_BLOCK_CAPTURE_AUTORELEASING = YES;
				CLANG_WARN_BOOL_CONVERSION = YES;
				CLANG_WARN_COMMA = YES;
				CLANG_WARN_CONSTANT_CONVERSION = YES;
				CLANG_WARN_DEPRECATED_OBJC_IMPLEMENTATIONS = YES;
				CLANG_WARN_DIRECT_OBJC_ISA_USAGE = YES_ERROR;
				CLANG_WARN_DOCUMENTATION_COMMENTS = YES;
				CLANG_WARN_EMPTY_BODY = YES;
				CLANG_WARN_ENUM_CONVERSION = YES;
				CLANG_WARN_INFINITE_RECURSION = YES;
				CLANG_WARN_INT_CONVERSION = YES;
				CLANG_WARN_NON_LITERAL_NULL_CONVERSION = YES;
				CLANG_WARN_OBJC_IMPLICIT_RETAIN_SELF = YES;
				CLANG_WARN_OBJC_LITERAL_CONVERSION = YES;
				CLANG_WARN_OBJC_ROOT_CLASS = YES_ERROR;
				CLANG_WARN_RANGE_LOOP_ANALYSIS = YES;
				CLANG_WARN_STRICT_PROTOTYPES = YES;
				CLANG_WARN_SUSPICIOUS_MOVE = YES;
				CLANG_WARN_UNGUARDED_AVAILABILITY = YES_AGGRESSIVE;
				CLANG_WARN_UNREACHABLE_CODE = YES;
				CLANG_WARN__DUPLICATE_METHOD_MATCH = YES;
				CODE_SIGN_IDENTITY = "iPhone Developer";
				COPY_PHASE_STRIP = NO;
				DEBUG_INFORMATION_FORMAT = dwarf;
				ENABLE_STRICT_OBJC_MSGSEND = YES;
				ENABLE_TESTABILITY = YES;
				GCC_C_LANGUAGE_STANDARD = gnu11;
				GCC_DYNAMIC_NO_PIC = NO;
				GCC_NO_COMMON_BLOCKS = YES;
				GCC_OPTIMIZATION_LEVEL = 0;
				GCC_PREPROCESSOR_DEFINITIONS = (
					"DEBUG=1",
					"$(inherited)",
				);
				GCC_WARN_64_TO_32_BIT_CONVERSION = YES;
				GCC_WARN_ABOUT_RETURN_TYPE = YES_ERROR;
				GCC_WARN_UNDECLARED_SELECTOR = YES;
				GCC_WARN_UNINITIALIZED_AUTOS = YES_AGGRESSIVE;
				GCC_WARN_UNUSED_FUNCTION = YES;
				GCC_WARN_UNUSED_VARIABLE = YES;
				IPHONEOS_DEPLOYMENT_TARGET = 12.1;
				MTL_ENABLE_DEBUG_INFO = INCLUDE_SOURCE;
				MTL_FAST_MATH = YES;
				ONLY_ACTIVE_ARCH = YES;
				SDKROOT = iphoneos;
				SWIFT_ACTIVE_COMPILATION_CONDITIONS = DEBUG;
				SWIFT_OPTIMIZATION_LEVEL = "-Onone";
			};
			name = Debug;
		};
		85070687219A23700055BCAF /* Release */ = {
			isa = XCBuildConfiguration;
			buildSettings = {
				ALWAYS_SEARCH_USER_PATHS = NO;
				CLANG_ANALYZER_NONNULL = YES;
				CLANG_ANALYZER_NUMBER_OBJECT_CONVERSION = YES_AGGRESSIVE;
				CLANG_CXX_LANGUAGE_STANDARD = "gnu++14";
				CLANG_CXX_LIBRARY = "libc++";
				CLANG_ENABLE_MODULES = YES;
				CLANG_ENABLE_OBJC_ARC = YES;
				CLANG_ENABLE_OBJC_WEAK = YES;
				CLANG_WARN_BLOCK_CAPTURE_AUTORELEASING = YES;
				CLANG_WARN_BOOL_CONVERSION = YES;
				CLANG_WARN_COMMA = YES;
				CLANG_WARN_CONSTANT_CONVERSION = YES;
				CLANG_WARN_DEPRECATED_OBJC_IMPLEMENTATIONS = YES;
				CLANG_WARN_DIRECT_OBJC_ISA_USAGE = YES_ERROR;
				CLANG_WARN_DOCUMENTATION_COMMENTS = YES;
				CLANG_WARN_EMPTY_BODY = YES;
				CLANG_WARN_ENUM_CONVERSION = YES;
				CLANG_WARN_INFINITE_RECURSION = YES;
				CLANG_WARN_INT_CONVERSION = YES;
				CLANG_WARN_NON_LITERAL_NULL_CONVERSION = YES;
				CLANG_WARN_OBJC_IMPLICIT_RETAIN_SELF = YES;
				CLANG_WARN_OBJC_LITERAL_CONVERSION = YES;
				CLANG_WARN_OBJC_ROOT_CLASS = YES_ERROR;
				CLANG_WARN_RANGE_LOOP_ANALYSIS = YES;
				CLANG_WARN_STRICT_PROTOTYPES = YES;
				CLANG_WARN_SUSPICIOUS_MOVE = YES;
				CLANG_WARN_UNGUARDED_AVAILABILITY = YES_AGGRESSIVE;
				CLANG_WARN_UNREACHABLE_CODE = YES;
				CLANG_WARN__DUPLICATE_METHOD_MATCH = YES;
				CODE_SIGN_IDENTITY = "iPhone Developer";
				COPY_PHASE_STRIP = NO;
				DEBUG_INFORMATION_FORMAT = "dwarf-with-dsym";
				ENABLE_NS_ASSERTIONS = NO;
				ENABLE_STRICT_OBJC_MSGSEND = YES;
				GCC_C_LANGUAGE_STANDARD = gnu11;
				GCC_NO_COMMON_BLOCKS = YES;
				GCC_WARN_64_TO_32_BIT_CONVERSION = YES;
				GCC_WARN_ABOUT_RETURN_TYPE = YES_ERROR;
				GCC_WARN_UNDECLARED_SELECTOR = YES;
				GCC_WARN_UNINITIALIZED_AUTOS = YES_AGGRESSIVE;
				GCC_WARN_UNUSED_FUNCTION = YES;
				GCC_WARN_UNUSED_VARIABLE = YES;
				IPHONEOS_DEPLOYMENT_TARGET = 12.1;
				MTL_ENABLE_DEBUG_INFO = NO;
				MTL_FAST_MATH = YES;
				SDKROOT = iphoneos;
				SWIFT_COMPILATION_MODE = wholemodule;
				SWIFT_OPTIMIZATION_LEVEL = "-O";
				VALIDATE_PRODUCT = YES;
			};
			name = Release;
		};
		85070689219A23700055BCAF /* Debug */ = {
			isa = XCBuildConfiguration;
			baseConfigurationReference = 96A2575403FC99E42CDD695B /* Pods-xtzmaster.debug.xcconfig */;
			buildSettings = {
				ASSETCATALOG_COMPILER_APPICON_NAME = AppIcon;
				CODE_SIGN_STYLE = Automatic;
				INFOPLIST_FILE = "$(SRCROOT)/xtzmaster/Info.plist";
				LD_RUNPATH_SEARCH_PATHS = (
					"$(inherited)",
					"@executable_path/Frameworks",
				);
				PRODUCT_BUNDLE_IDENTIFIER = dashboard.xtzmaster.com;
				PRODUCT_NAME = "$(TARGET_NAME)";
				SWIFT_VERSION = 4.2;
				TARGETED_DEVICE_FAMILY = 1;
			};
			name = Debug;
		};
		8507068A219A23700055BCAF /* Release */ = {
			isa = XCBuildConfiguration;
			baseConfigurationReference = 0F3E3E769F2BFC14375DD140 /* Pods-xtzmaster.release.xcconfig */;
			buildSettings = {
				ASSETCATALOG_COMPILER_APPICON_NAME = AppIcon;
				CODE_SIGN_STYLE = Automatic;
				INFOPLIST_FILE = "$(SRCROOT)/xtzmaster/Info.plist";
				LD_RUNPATH_SEARCH_PATHS = (
					"$(inherited)",
					"@executable_path/Frameworks",
				);
				PRODUCT_BUNDLE_IDENTIFIER = dashboard.xtzmaster.com;
				PRODUCT_NAME = "$(TARGET_NAME)";
				SWIFT_VERSION = 4.2;
				TARGETED_DEVICE_FAMILY = 1;
			};
			name = Release;
		};
		8507068C219A23700055BCAF /* Debug */ = {
			isa = XCBuildConfiguration;
			baseConfigurationReference = 2498282AB9DA00E92BAD91B9 /* Pods-xtzmaster-xtzmasterTests.debug.xcconfig */;
			buildSettings = {
				BUNDLE_LOADER = "$(TEST_HOST)";
				CODE_SIGN_STYLE = Automatic;
				INFOPLIST_FILE = SalesTaxTests/Info.plist;
				LD_RUNPATH_SEARCH_PATHS = (
					"$(inherited)",
					"@executable_path/Frameworks",
					"@loader_path/Frameworks",
				);
				PRODUCT_BUNDLE_IDENTIFIER = org.SalesTaxTests;
				PRODUCT_NAME = "$(TARGET_NAME)";
				SWIFT_VERSION = 4.2;
				TARGETED_DEVICE_FAMILY = "1,2";
				TEST_HOST = "$(BUILT_PRODUCTS_DIR)/xtzmaster.app/xtzmaster";
			};
			name = Debug;
		};
		8507068D219A23700055BCAF /* Release */ = {
			isa = XCBuildConfiguration;
			baseConfigurationReference = DCC0BF8FE81805D9A443227D /* Pods-xtzmaster-xtzmasterTests.release.xcconfig */;
			buildSettings = {
				BUNDLE_LOADER = "$(TEST_HOST)";
				CODE_SIGN_STYLE = Automatic;
				INFOPLIST_FILE = SalesTaxTests/Info.plist;
				LD_RUNPATH_SEARCH_PATHS = (
					"$(inherited)",
					"@executable_path/Frameworks",
					"@loader_path/Frameworks",
				);
				PRODUCT_BUNDLE_IDENTIFIER = org.SalesTaxTests;
				PRODUCT_NAME = "$(TARGET_NAME)";
				SWIFT_VERSION = 4.2;
				TARGETED_DEVICE_FAMILY = "1,2";
				TEST_HOST = "$(BUILT_PRODUCTS_DIR)/xtzmaster.app/xtzmaster";
			};
			name = Release;
		};
/* End XCBuildConfiguration section */

/* Begin XCConfigurationList section */
		85070666219A236F0055BCAF /* Build configuration list for PBXProject "xtzmaster" */ = {
			isa = XCConfigurationList;
			buildConfigurations = (
				85070686219A23700055BCAF /* Debug */,
				85070687219A23700055BCAF /* Release */,
			);
			defaultConfigurationIsVisible = 0;
			defaultConfigurationName = Release;
		};
		85070688219A23700055BCAF /* Build configuration list for PBXNativeTarget "xtzmaster" */ = {
			isa = XCConfigurationList;
			buildConfigurations = (
				85070689219A23700055BCAF /* Debug */,
				8507068A219A23700055BCAF /* Release */,
			);
			defaultConfigurationIsVisible = 0;
			defaultConfigurationName = Release;
		};
		8507068B219A23700055BCAF /* Build configuration list for PBXNativeTarget "xtzmasterTests" */ = {
			isa = XCConfigurationList;
			buildConfigurations = (
				8507068C219A23700055BCAF /* Debug */,
				8507068D219A23700055BCAF /* Release */,
			);
			defaultConfigurationIsVisible = 0;
			defaultConfigurationName = Release;
		};
/* End XCConfigurationList section */
	};
	rootObject = 85070663219A236F0055BCAF /* Project object */;
}
